
Microsoft Visual Studio Solution File, Format Version 12.00
# Visual Studio 15
VisualStudioVersion = 15.0.28307.271
MinimumVisualStudioVersion = 10.0.40219.1
Project("{FAE04EC0-301F-11D3-BF4B-00C04F79EFBC}") = "Ch03Ex02", "Ch03Ex02\Ch03Ex02.csproj", "{3DBCF6F7-B312-4FBB-AF79-668CCAD9EE57}"
EndProject
Global
	GlobalSection(SolutionConfigurationPlatforms) = preSolution
		Debug|Any CPU = Debug|Any CPU
		Release|Any CPU = Release|Any CPU
	EndGlobalSection
	GlobalSection(ProjectConfigurationPlatforms) = postSolution
		{3DBCF6F7-B312-4FBB-AF79-668CCAD9EE57}.Debug|Any CPU.ActiveCfg = Debug|Any CPU
		{3DBCF6F7-B312-4FBB-AF79-668CCAD9EE57}.Debug|Any CPU.Build.0 = Debug|Any CPU
		{3DBCF6F7-B312-4FBB-AF79-668CCAD9EE57}.Release|Any CPU.ActiveCfg = Release|Any CPU
		{3DBCF6F7-B312-4FBB-AF79-668CCAD9EE57}.Release|Any CPU.Build.0 = Release|Any CPU
	EndGlobalSection
	GlobalSection(SolutionProperties) = preSolution
		HideSolutionNode = FALSE
	EndGlobalSection
	GlobalSection(ExtensibilityGlobals) = postSolution
		SolutionGuid = {C791A523-AC4C-4B6A-846F-5D58544D90A4}
	EndGlobalSection
EndGlobal
