
Microsoft Visual Studio Solution File, Format Version 12.00
# Visual Studio 15
VisualStudioVersion = 15.0.28307.421
MinimumVisualStudioVersion = 10.0.40219.1
Project("{FAE04EC0-301F-11D3-BF4B-00C04F79EFBC}") = "Wrox", "Wrox\Wrox.csproj", "{98680DCA-0339-4ADB-ADC2-97A31E17366B}"
EndProject
Project("{FAE04EC0-301F-11D3-BF4B-00C04F79EFBC}") = "Ch02Ex01SimpleConsoleApplication", "..\Chapter02\ConsoleApp1\ConsoleApp1\Ch02Ex01SimpleConsoleApplication.csproj", "{BEA38270-FC14-4A83-AB45-3981B03FE206}"
EndProject
Project("{FAE04EC0-301F-11D3-BF4B-00C04F79EFBC}") = "Ch03Ex01SimpleTypeVariables", "..\Chapter03\Ch03Ex01\Ch03Ex01\Ch03Ex01SimpleTypeVariables.csproj", "{41DB035B-9B64-4916-807C-C63B44B37E87}"
EndProject
Project("{FAE04EC0-301F-11D3-BF4B-00C04F79EFBC}") = "Ch03Ex02ManipulatingVariablesMathematicalsOperators", "..\Chapter03\Ch03Ex02\Ch03Ex02\Ch03Ex02ManipulatingVariablesMathematicalsOperators.csproj", "{3DBCF6F7-B312-4FBB-AF79-668CCAD9EE57}"
EndProject
Project("{FAE04EC0-301F-11D3-BF4B-00C04F79EFBC}") = "Ch04Ex01BooleanOperators", "..\Chapter04\Ch04Ex01\Ch04Ex01\Ch04Ex01BooleanOperators.csproj", "{01F17285-4A77-4435-8A4C-0CC547C5D44D}"
EndProject
Project("{FAE04EC0-301F-11D3-BF4B-00C04F79EFBC}") = "Ch04Ex02ifStatement", "..\Chapter04\Ch04Ex02\Ch04Ex02\Ch04Ex02ifStatement.csproj", "{5D080886-DD02-451A-AE05-A80EBF3DED00}"
EndProject
Project("{FAE04EC0-301F-11D3-BF4B-00C04F79EFBC}") = "Ch04Ex03switchStatement", "..\Chapter04\Ch04Ex03\Ch04Ex03\Ch04Ex03switchStatement.csproj", "{AD5E7A95-9446-49E4-B5BA-471795145F40}"
EndProject
Project("{FAE04EC0-301F-11D3-BF4B-00C04F79EFBC}") = "Ch04Ex04doLoops", "..\Chapter04\Ch04Ex04\Ch04Ex04\Ch04Ex04doLoops.csproj", "{76DA6C21-F529-4188-A572-4EDF7732CA34}"
EndProject
Project("{FAE04EC0-301F-11D3-BF4B-00C04F79EFBC}") = "Ch04Ex05whileLoops", "..\Chapter04\Ch04Ex05\Ch04Ex05\Ch04Ex05whileLoops.csproj", "{3ADBD7B5-8F33-4EFA-8FA0-BB3E65240DAE}"
EndProject
Project("{FAE04EC0-301F-11D3-BF4B-00C04F79EFBC}") = "Ch05Ex01TypeConversions", "..\Chapter05\Ch05Ex01\Ch05Ex01\Ch05Ex01TypeConversions.csproj", "{C4B44C77-88CA-4429-B166-4E0BC8A1DEE6}"
EndProject
Project("{FAE04EC0-301F-11D3-BF4B-00C04F79EFBC}") = "Ch05Ex02Enumarations", "..\Chapter05\Ch05Ex02\Ch05Ex02\Ch05Ex02Enumarations.csproj", "{599ABD1E-B05A-45AB-8518-4704DBE69012}"
EndProject
Project("{FAE04EC0-301F-11D3-BF4B-00C04F79EFBC}") = "Ch05Ex03Structs", "..\Chapter05\Ch05Ex03\Ch05Ex03Structs.csproj", "{7626509C-E4F8-48A0-97F0-88EBA216789B}"
EndProject
Project("{FAE04EC0-301F-11D3-BF4B-00C04F79EFBC}") = "Ch05Ex04Arrays", "..\Chapter05\Ch05Ex04\Ch05Ex04\Ch05Ex04Arrays.csproj", "{1711B1A4-40A5-4BF3-B879-83BAC8434C5A}"
EndProject
Project("{FAE04EC0-301F-11D3-BF4B-00C04F79EFBC}") = "Ch05Ex05Arrays", "..\Chapter05\Ch05Ex05\Ch05Ex05\Ch05Ex05Arrays.csproj", "{8AF742E9-3BC5-46D7-A9B0-B01989A63DF5}"
EndProject
Project("{FAE04EC0-301F-11D3-BF4B-00C04F79EFBC}") = "Ch05Ex06StringManipulation", "..\Chapter05\Ch05Ex06\Ch05Ex06StringManipulation.csproj", "{8BDDBBFE-E617-42EC-BAC7-AF3190D7B875}"
EndProject
Project("{2150E333-8FDC-42A3-9474-1A3956D46DE8}") = "Chapter02WritingCSharpProgram", "Chapter02WritingCSharpProgram", "{6614F6A8-E217-48F1-BC10-41935A48D3E0}"
EndProject
Project("{2150E333-8FDC-42A3-9474-1A3956D46DE8}") = "Chapter03VariablesAndExpressions", "Chapter03VariablesAndExpressions", "{A8025F4D-0BCC-45AB-9F8C-ADFE43E15D25}"
EndProject
Project("{2150E333-8FDC-42A3-9474-1A3956D46DE8}") = "Chapter04FlowControl", "Chapter04FlowControl", "{AFC59F15-EFE0-44CF-A31E-0B05C345A18E}"
EndProject
Project("{2150E333-8FDC-42A3-9474-1A3956D46DE8}") = "Chapter05MoreAboutVariables", "Chapter05MoreAboutVariables", "{0FA65966-AD60-4C1A-9D0E-E2CD4A3513DE}"
EndProject
Project("{FAE04EC0-301F-11D3-BF4B-00C04F79EFBC}") = "Ch06Ex01BasicFunctions", "..\Chapter06\Ch06Ex01\Ch06Ex01BasicFunctions.csproj", "{2A1A338E-C538-461A-B7DB-2E360E0C002C}"
EndProject
Project("{2150E333-8FDC-42A3-9474-1A3956D46DE8}") = "Chapter06Functions", "Chapter06Functions", "{463CF26B-F0FF-4074-9D81-17E2EC241B3D}"
EndProject
Project("{FAE04EC0-301F-11D3-BF4B-00C04F79EFBC}") = "Ch06Ex02ExchangingDataWithFunctions", "..\Chapter06\Ch06Ex02\Ch06Ex02ExchangingDataWithFunctions.csproj", "{7C9BEEA7-2190-4BEB-AB53-8CE7C71B2332}"
EndProject
Project("{FAE04EC0-301F-11D3-BF4B-00C04F79EFBC}") = "Ch06Ex03ExchangingDataWithFunctions2", "..\Chapter06\Ch06Ex03\Ch06Ex03ExchangingDataWithFunctions2.csproj", "{06204521-8761-4236-A446-043C35877436}"
EndProject
Project("{FAE04EC0-301F-11D3-BF4B-00C04F79EFBC}") = "Ch06Ex04CommandLineArguments", "..\Chapter06\Ch06Ex04CommandLineArguments\Ch06Ex04CommandLineArguments.csproj", "{6715AABF-238A-4DA0-8144-FC85FC2368AD}"
EndProject
Project("{FAE04EC0-301F-11D3-BF4B-00C04F79EFBC}") = "Ch06Ex05UsingDelegatesToCallaFunction", "..\Chapter06\Ch06Ex05UsingDelegatesToCallaFunction\Ch06Ex05UsingDelegatesToCallaFunction.csproj", "{385A3E4B-6E01-4782-84DF-E422FE8EC459}"
EndProject
Project("{2150E333-8FDC-42A3-9474-1A3956D46DE8}") = "Chapter07DebuggingAndErrorHandling", "Chapter07DebuggingAndErrorHandling", "{95A39B62-3457-47AF-97B5-101C5DBF9FB2}"
EndProject
Project("{2150E333-8FDC-42A3-9474-1A3956D46DE8}") = "Chapter08IntroToOOP", "Chapter08IntroToOOP", "{B4190B5C-327B-47A5-A3FD-B42728FC3E86}"
EndProject
Project("{FAE04EC0-301F-11D3-BF4B-00C04F79EFBC}") = "Ch08Ex01ObjectsInAction", "..\Chapter08\Ch08Ex01ObjectsInAction\Ch08Ex01ObjectsInAction.csproj", "{6B58A969-05D4-43C1-A1DF-F1FC70A070D7}"
EndProject
Project("{FAE04EC0-301F-11D3-BF4B-00C04F79EFBC}") = "Ch07Ex01WrittingTextToTheOutputWindow", "..\Chapter07\Ch07Ex01WrittingTextToTheOutputWindow\Ch07Ex01WrittingTextToTheOutputWindow.csproj", "{F32F432B-2640-43F1-AE22-3E0AB404DC31}"
EndProject
Project("{FAE04EC0-301F-11D3-BF4B-00C04F79EFBC}") = "Ch07Ex02ExceptionHandling", "..\Chapter07\Ch07Ex02ExceptionHandling\Ch07Ex02ExceptionHandling.csproj", "{256961A7-FA25-43BF-A07F-73556DC994A0}"
EndProject
Project("{2150E333-8FDC-42A3-9474-1A3956D46DE8}") = "Chapter09ClassDefinition", "Chapter09ClassDefinition", "{186488E5-FE3F-439C-94DB-5FD2324C573E}"
EndProject
Project("{FAE04EC0-301F-11D3-BF4B-00C04F79EFBC}") = "Ch09Ex01DefiningClasses", "..\Chapter09\Ch09Ex01DefiningClasses\Ch09Ex01DefiningClasses.csproj", "{709560ED-C162-4905-8227-1CD1E20B29F2}"
EndProject
Project("{9A19103F-16F7-4668-BE54-9A1E7A4F7556}") = "Ch09ClassLib", "..\Chapter09\Ch09ClassLib\Ch09ClassLib.csproj", "{392C7D21-1228-4EA6-9E25-A909CD3722F0}"
EndProject
Project("{FAE04EC0-301F-11D3-BF4B-00C04F79EFBC}") = "Ch09Ex02UsingAClassLibrary", "..\Chapter09\Ch09Ex02UsingAClassLibrary\Ch09Ex02UsingAClassLibrary.csproj", "{3554C047-5B83-4B70-8E68-D013B1B48FDA}"
EndProject
Project("{FAE04EC0-301F-11D3-BF4B-00C04F79EFBC}") = "Ch09Ex03ClassesVersusStructs", "..\Chapter09\Ch09Ex03ClassesVersusStructs\Ch09Ex03ClassesVersusStructs.csproj", "{7693FE43-CFF0-4B53-81BE-390D21130FB9}"
EndProject
Project("{2150E333-8FDC-42A3-9474-1A3956D46DE8}") = "CHapter10DefiningClassMembers", "CHapter10DefiningClassMembers", "{99B304F9-EA3F-4570-B751-CFA4B0337C4C}"
EndProject
Project("{FAE04EC0-301F-11D3-BF4B-00C04F79EFBC}") = "Ch10Ex01UsingFieldsMethodProperties", "..\Chapter10\Ch10Ex01UsingFieldsMethodProperties\Ch10Ex01UsingFieldsMethodProperties.csproj", "{18692CA1-E87A-426E-8FE3-A5915F725878}"
EndProject
Project("{FAE04EC0-301F-11D3-BF4B-00C04F79EFBC}") = "Ch10Ex02UsingNestedClasses", "..\Chapter10\Ch10Ex02UsingNestedClasses\Ch10Ex02UsingNestedClasses.csproj", "{9D3612C8-6CC0-44D8-BF88-1EC959197194}"
EndProject
Global
	GlobalSection(SolutionConfigurationPlatforms) = preSolution
		Debug|Any CPU = Debug|Any CPU
		Release|Any CPU = Release|Any CPU
	EndGlobalSection
	GlobalSection(ProjectConfigurationPlatforms) = postSolution
		{98680DCA-0339-4ADB-ADC2-97A31E17366B}.Debug|Any CPU.ActiveCfg = Debug|Any CPU
		{98680DCA-0339-4ADB-ADC2-97A31E17366B}.Debug|Any CPU.Build.0 = Debug|Any CPU
		{98680DCA-0339-4ADB-ADC2-97A31E17366B}.Release|Any CPU.ActiveCfg = Release|Any CPU
		{98680DCA-0339-4ADB-ADC2-97A31E17366B}.Release|Any CPU.Build.0 = Release|Any CPU
		{BEA38270-FC14-4A83-AB45-3981B03FE206}.Debug|Any CPU.ActiveCfg = Debug|Any CPU
		{BEA38270-FC14-4A83-AB45-3981B03FE206}.Debug|Any CPU.Build.0 = Debug|Any CPU
		{BEA38270-FC14-4A83-AB45-3981B03FE206}.Release|Any CPU.ActiveCfg = Release|Any CPU
		{BEA38270-FC14-4A83-AB45-3981B03FE206}.Release|Any CPU.Build.0 = Release|Any CPU
		{41DB035B-9B64-4916-807C-C63B44B37E87}.Debug|Any CPU.ActiveCfg = Debug|Any CPU
		{41DB035B-9B64-4916-807C-C63B44B37E87}.Debug|Any CPU.Build.0 = Debug|Any CPU
		{41DB035B-9B64-4916-807C-C63B44B37E87}.Release|Any CPU.ActiveCfg = Release|Any CPU
		{41DB035B-9B64-4916-807C-C63B44B37E87}.Release|Any CPU.Build.0 = Release|Any CPU
		{3DBCF6F7-B312-4FBB-AF79-668CCAD9EE57}.Debug|Any CPU.ActiveCfg = Debug|Any CPU
		{3DBCF6F7-B312-4FBB-AF79-668CCAD9EE57}.Debug|Any CPU.Build.0 = Debug|Any CPU
		{3DBCF6F7-B312-4FBB-AF79-668CCAD9EE57}.Release|Any CPU.ActiveCfg = Release|Any CPU
		{3DBCF6F7-B312-4FBB-AF79-668CCAD9EE57}.Release|Any CPU.Build.0 = Release|Any CPU
		{01F17285-4A77-4435-8A4C-0CC547C5D44D}.Debug|Any CPU.ActiveCfg = Debug|Any CPU
		{01F17285-4A77-4435-8A4C-0CC547C5D44D}.Debug|Any CPU.Build.0 = Debug|Any CPU
		{01F17285-4A77-4435-8A4C-0CC547C5D44D}.Release|Any CPU.ActiveCfg = Release|Any CPU
		{01F17285-4A77-4435-8A4C-0CC547C5D44D}.Release|Any CPU.Build.0 = Release|Any CPU
		{5D080886-DD02-451A-AE05-A80EBF3DED00}.Debug|Any CPU.ActiveCfg = Debug|Any CPU
		{5D080886-DD02-451A-AE05-A80EBF3DED00}.Debug|Any CPU.Build.0 = Debug|Any CPU
		{5D080886-DD02-451A-AE05-A80EBF3DED00}.Release|Any CPU.ActiveCfg = Release|Any CPU
		{5D080886-DD02-451A-AE05-A80EBF3DED00}.Release|Any CPU.Build.0 = Release|Any CPU
		{AD5E7A95-9446-49E4-B5BA-471795145F40}.Debug|Any CPU.ActiveCfg = Debug|Any CPU
		{AD5E7A95-9446-49E4-B5BA-471795145F40}.Debug|Any CPU.Build.0 = Debug|Any CPU
		{AD5E7A95-9446-49E4-B5BA-471795145F40}.Release|Any CPU.ActiveCfg = Release|Any CPU
		{AD5E7A95-9446-49E4-B5BA-471795145F40}.Release|Any CPU.Build.0 = Release|Any CPU
		{76DA6C21-F529-4188-A572-4EDF7732CA34}.Debug|Any CPU.ActiveCfg = Debug|Any CPU
		{76DA6C21-F529-4188-A572-4EDF7732CA34}.Debug|Any CPU.Build.0 = Debug|Any CPU
		{76DA6C21-F529-4188-A572-4EDF7732CA34}.Release|Any CPU.ActiveCfg = Release|Any CPU
		{76DA6C21-F529-4188-A572-4EDF7732CA34}.Release|Any CPU.Build.0 = Release|Any CPU
		{3ADBD7B5-8F33-4EFA-8FA0-BB3E65240DAE}.Debug|Any CPU.ActiveCfg = Debug|Any CPU
		{3ADBD7B5-8F33-4EFA-8FA0-BB3E65240DAE}.Debug|Any CPU.Build.0 = Debug|Any CPU
		{3ADBD7B5-8F33-4EFA-8FA0-BB3E65240DAE}.Release|Any CPU.ActiveCfg = Release|Any CPU
		{3ADBD7B5-8F33-4EFA-8FA0-BB3E65240DAE}.Release|Any CPU.Build.0 = Release|Any CPU
		{C4B44C77-88CA-4429-B166-4E0BC8A1DEE6}.Debug|Any CPU.ActiveCfg = Debug|Any CPU
		{C4B44C77-88CA-4429-B166-4E0BC8A1DEE6}.Debug|Any CPU.Build.0 = Debug|Any CPU
		{C4B44C77-88CA-4429-B166-4E0BC8A1DEE6}.Release|Any CPU.ActiveCfg = Release|Any CPU
		{C4B44C77-88CA-4429-B166-4E0BC8A1DEE6}.Release|Any CPU.Build.0 = Release|Any CPU
		{599ABD1E-B05A-45AB-8518-4704DBE69012}.Debug|Any CPU.ActiveCfg = Debug|Any CPU
		{599ABD1E-B05A-45AB-8518-4704DBE69012}.Debug|Any CPU.Build.0 = Debug|Any CPU
		{599ABD1E-B05A-45AB-8518-4704DBE69012}.Release|Any CPU.ActiveCfg = Release|Any CPU
		{599ABD1E-B05A-45AB-8518-4704DBE69012}.Release|Any CPU.Build.0 = Release|Any CPU
		{7626509C-E4F8-48A0-97F0-88EBA216789B}.Debug|Any CPU.ActiveCfg = Debug|Any CPU
		{7626509C-E4F8-48A0-97F0-88EBA216789B}.Debug|Any CPU.Build.0 = Debug|Any CPU
		{7626509C-E4F8-48A0-97F0-88EBA216789B}.Release|Any CPU.ActiveCfg = Release|Any CPU
		{7626509C-E4F8-48A0-97F0-88EBA216789B}.Release|Any CPU.Build.0 = Release|Any CPU
		{1711B1A4-40A5-4BF3-B879-83BAC8434C5A}.Debug|Any CPU.ActiveCfg = Debug|Any CPU
		{1711B1A4-40A5-4BF3-B879-83BAC8434C5A}.Debug|Any CPU.Build.0 = Debug|Any CPU
		{1711B1A4-40A5-4BF3-B879-83BAC8434C5A}.Release|Any CPU.ActiveCfg = Release|Any CPU
		{1711B1A4-40A5-4BF3-B879-83BAC8434C5A}.Release|Any CPU.Build.0 = Release|Any CPU
		{8AF742E9-3BC5-46D7-A9B0-B01989A63DF5}.Debug|Any CPU.ActiveCfg = Debug|Any CPU
		{8AF742E9-3BC5-46D7-A9B0-B01989A63DF5}.Debug|Any CPU.Build.0 = Debug|Any CPU
		{8AF742E9-3BC5-46D7-A9B0-B01989A63DF5}.Release|Any CPU.ActiveCfg = Release|Any CPU
		{8AF742E9-3BC5-46D7-A9B0-B01989A63DF5}.Release|Any CPU.Build.0 = Release|Any CPU
		{8BDDBBFE-E617-42EC-BAC7-AF3190D7B875}.Debug|Any CPU.ActiveCfg = Debug|Any CPU
		{8BDDBBFE-E617-42EC-BAC7-AF3190D7B875}.Debug|Any CPU.Build.0 = Debug|Any CPU
		{8BDDBBFE-E617-42EC-BAC7-AF3190D7B875}.Release|Any CPU.ActiveCfg = Release|Any CPU
		{8BDDBBFE-E617-42EC-BAC7-AF3190D7B875}.Release|Any CPU.Build.0 = Release|Any CPU
		{2A1A338E-C538-461A-B7DB-2E360E0C002C}.Debug|Any CPU.ActiveCfg = Debug|Any CPU
		{2A1A338E-C538-461A-B7DB-2E360E0C002C}.Debug|Any CPU.Build.0 = Debug|Any CPU
		{2A1A338E-C538-461A-B7DB-2E360E0C002C}.Release|Any CPU.ActiveCfg = Release|Any CPU
		{2A1A338E-C538-461A-B7DB-2E360E0C002C}.Release|Any CPU.Build.0 = Release|Any CPU
		{7C9BEEA7-2190-4BEB-AB53-8CE7C71B2332}.Debug|Any CPU.ActiveCfg = Debug|Any CPU
		{7C9BEEA7-2190-4BEB-AB53-8CE7C71B2332}.Debug|Any CPU.Build.0 = Debug|Any CPU
		{7C9BEEA7-2190-4BEB-AB53-8CE7C71B2332}.Release|Any CPU.ActiveCfg = Release|Any CPU
		{7C9BEEA7-2190-4BEB-AB53-8CE7C71B2332}.Release|Any CPU.Build.0 = Release|Any CPU
		{06204521-8761-4236-A446-043C35877436}.Debug|Any CPU.ActiveCfg = Debug|Any CPU
		{06204521-8761-4236-A446-043C35877436}.Debug|Any CPU.Build.0 = Debug|Any CPU
		{06204521-8761-4236-A446-043C35877436}.Release|Any CPU.ActiveCfg = Release|Any CPU
		{06204521-8761-4236-A446-043C35877436}.Release|Any CPU.Build.0 = Release|Any CPU
		{6715AABF-238A-4DA0-8144-FC85FC2368AD}.Debug|Any CPU.ActiveCfg = Debug|Any CPU
		{6715AABF-238A-4DA0-8144-FC85FC2368AD}.Debug|Any CPU.Build.0 = Debug|Any CPU
		{6715AABF-238A-4DA0-8144-FC85FC2368AD}.Release|Any CPU.ActiveCfg = Release|Any CPU
		{6715AABF-238A-4DA0-8144-FC85FC2368AD}.Release|Any CPU.Build.0 = Release|Any CPU
		{385A3E4B-6E01-4782-84DF-E422FE8EC459}.Debug|Any CPU.ActiveCfg = Debug|Any CPU
		{385A3E4B-6E01-4782-84DF-E422FE8EC459}.Debug|Any CPU.Build.0 = Debug|Any CPU
		{385A3E4B-6E01-4782-84DF-E422FE8EC459}.Release|Any CPU.ActiveCfg = Release|Any CPU
		{385A3E4B-6E01-4782-84DF-E422FE8EC459}.Release|Any CPU.Build.0 = Release|Any CPU
		{6B58A969-05D4-43C1-A1DF-F1FC70A070D7}.Debug|Any CPU.ActiveCfg = Debug|Any CPU
		{6B58A969-05D4-43C1-A1DF-F1FC70A070D7}.Debug|Any CPU.Build.0 = Debug|Any CPU
		{6B58A969-05D4-43C1-A1DF-F1FC70A070D7}.Release|Any CPU.ActiveCfg = Release|Any CPU
		{6B58A969-05D4-43C1-A1DF-F1FC70A070D7}.Release|Any CPU.Build.0 = Release|Any CPU
		{F32F432B-2640-43F1-AE22-3E0AB404DC31}.Debug|Any CPU.ActiveCfg = Debug|Any CPU
		{F32F432B-2640-43F1-AE22-3E0AB404DC31}.Debug|Any CPU.Build.0 = Debug|Any CPU
		{F32F432B-2640-43F1-AE22-3E0AB404DC31}.Release|Any CPU.ActiveCfg = Release|Any CPU
		{F32F432B-2640-43F1-AE22-3E0AB404DC31}.Release|Any CPU.Build.0 = Release|Any CPU
		{256961A7-FA25-43BF-A07F-73556DC994A0}.Debug|Any CPU.ActiveCfg = Debug|Any CPU
		{256961A7-FA25-43BF-A07F-73556DC994A0}.Debug|Any CPU.Build.0 = Debug|Any CPU
		{256961A7-FA25-43BF-A07F-73556DC994A0}.Release|Any CPU.ActiveCfg = Release|Any CPU
		{256961A7-FA25-43BF-A07F-73556DC994A0}.Release|Any CPU.Build.0 = Release|Any CPU
		{709560ED-C162-4905-8227-1CD1E20B29F2}.Debug|Any CPU.ActiveCfg = Debug|Any CPU
		{709560ED-C162-4905-8227-1CD1E20B29F2}.Debug|Any CPU.Build.0 = Debug|Any CPU
		{709560ED-C162-4905-8227-1CD1E20B29F2}.Release|Any CPU.ActiveCfg = Release|Any CPU
		{709560ED-C162-4905-8227-1CD1E20B29F2}.Release|Any CPU.Build.0 = Release|Any CPU
		{392C7D21-1228-4EA6-9E25-A909CD3722F0}.Debug|Any CPU.ActiveCfg = Debug|Any CPU
		{392C7D21-1228-4EA6-9E25-A909CD3722F0}.Debug|Any CPU.Build.0 = Debug|Any CPU
		{392C7D21-1228-4EA6-9E25-A909CD3722F0}.Release|Any CPU.ActiveCfg = Release|Any CPU
		{392C7D21-1228-4EA6-9E25-A909CD3722F0}.Release|Any CPU.Build.0 = Release|Any CPU
		{3554C047-5B83-4B70-8E68-D013B1B48FDA}.Debug|Any CPU.ActiveCfg = Debug|Any CPU
		{3554C047-5B83-4B70-8E68-D013B1B48FDA}.Debug|Any CPU.Build.0 = Debug|Any CPU
		{3554C047-5B83-4B70-8E68-D013B1B48FDA}.Release|Any CPU.ActiveCfg = Release|Any CPU
		{3554C047-5B83-4B70-8E68-D013B1B48FDA}.Release|Any CPU.Build.0 = Release|Any CPU
		{7693FE43-CFF0-4B53-81BE-390D21130FB9}.Debug|Any CPU.ActiveCfg = Debug|Any CPU
		{7693FE43-CFF0-4B53-81BE-390D21130FB9}.Debug|Any CPU.Build.0 = Debug|Any CPU
		{7693FE43-CFF0-4B53-81BE-390D21130FB9}.Release|Any CPU.ActiveCfg = Release|Any CPU
		{7693FE43-CFF0-4B53-81BE-390D21130FB9}.Release|Any CPU.Build.0 = Release|Any CPU
		{18692CA1-E87A-426E-8FE3-A5915F725878}.Debug|Any CPU.ActiveCfg = Debug|Any CPU
		{18692CA1-E87A-426E-8FE3-A5915F725878}.Debug|Any CPU.Build.0 = Debug|Any CPU
		{18692CA1-E87A-426E-8FE3-A5915F725878}.Release|Any CPU.ActiveCfg = Release|Any CPU
		{18692CA1-E87A-426E-8FE3-A5915F725878}.Release|Any CPU.Build.0 = Release|Any CPU
		{9D3612C8-6CC0-44D8-BF88-1EC959197194}.Debug|Any CPU.ActiveCfg = Debug|Any CPU
		{9D3612C8-6CC0-44D8-BF88-1EC959197194}.Debug|Any CPU.Build.0 = Debug|Any CPU
		{9D3612C8-6CC0-44D8-BF88-1EC959197194}.Release|Any CPU.ActiveCfg = Release|Any CPU
		{9D3612C8-6CC0-44D8-BF88-1EC959197194}.Release|Any CPU.Build.0 = Release|Any CPU
	EndGlobalSection
	GlobalSection(SolutionProperties) = preSolution
		HideSolutionNode = FALSE
	EndGlobalSection
	GlobalSection(NestedProjects) = preSolution
		{BEA38270-FC14-4A83-AB45-3981B03FE206} = {6614F6A8-E217-48F1-BC10-41935A48D3E0}
		{41DB035B-9B64-4916-807C-C63B44B37E87} = {A8025F4D-0BCC-45AB-9F8C-ADFE43E15D25}
		{3DBCF6F7-B312-4FBB-AF79-668CCAD9EE57} = {A8025F4D-0BCC-45AB-9F8C-ADFE43E15D25}
		{01F17285-4A77-4435-8A4C-0CC547C5D44D} = {AFC59F15-EFE0-44CF-A31E-0B05C345A18E}
		{5D080886-DD02-451A-AE05-A80EBF3DED00} = {AFC59F15-EFE0-44CF-A31E-0B05C345A18E}
		{AD5E7A95-9446-49E4-B5BA-471795145F40} = {AFC59F15-EFE0-44CF-A31E-0B05C345A18E}
		{76DA6C21-F529-4188-A572-4EDF7732CA34} = {AFC59F15-EFE0-44CF-A31E-0B05C345A18E}
		{3ADBD7B5-8F33-4EFA-8FA0-BB3E65240DAE} = {AFC59F15-EFE0-44CF-A31E-0B05C345A18E}
		{C4B44C77-88CA-4429-B166-4E0BC8A1DEE6} = {0FA65966-AD60-4C1A-9D0E-E2CD4A3513DE}
		{599ABD1E-B05A-45AB-8518-4704DBE69012} = {0FA65966-AD60-4C1A-9D0E-E2CD4A3513DE}
		{7626509C-E4F8-48A0-97F0-88EBA216789B} = {0FA65966-AD60-4C1A-9D0E-E2CD4A3513DE}
		{1711B1A4-40A5-4BF3-B879-83BAC8434C5A} = {0FA65966-AD60-4C1A-9D0E-E2CD4A3513DE}
		{8AF742E9-3BC5-46D7-A9B0-B01989A63DF5} = {0FA65966-AD60-4C1A-9D0E-E2CD4A3513DE}
		{8BDDBBFE-E617-42EC-BAC7-AF3190D7B875} = {0FA65966-AD60-4C1A-9D0E-E2CD4A3513DE}
		{2A1A338E-C538-461A-B7DB-2E360E0C002C} = {463CF26B-F0FF-4074-9D81-17E2EC241B3D}
		{7C9BEEA7-2190-4BEB-AB53-8CE7C71B2332} = {463CF26B-F0FF-4074-9D81-17E2EC241B3D}
		{06204521-8761-4236-A446-043C35877436} = {463CF26B-F0FF-4074-9D81-17E2EC241B3D}
		{6715AABF-238A-4DA0-8144-FC85FC2368AD} = {463CF26B-F0FF-4074-9D81-17E2EC241B3D}
		{385A3E4B-6E01-4782-84DF-E422FE8EC459} = {463CF26B-F0FF-4074-9D81-17E2EC241B3D}
		{6B58A969-05D4-43C1-A1DF-F1FC70A070D7} = {B4190B5C-327B-47A5-A3FD-B42728FC3E86}
		{F32F432B-2640-43F1-AE22-3E0AB404DC31} = {95A39B62-3457-47AF-97B5-101C5DBF9FB2}
		{256961A7-FA25-43BF-A07F-73556DC994A0} = {95A39B62-3457-47AF-97B5-101C5DBF9FB2}
		{709560ED-C162-4905-8227-1CD1E20B29F2} = {186488E5-FE3F-439C-94DB-5FD2324C573E}
		{392C7D21-1228-4EA6-9E25-A909CD3722F0} = {186488E5-FE3F-439C-94DB-5FD2324C573E}
		{3554C047-5B83-4B70-8E68-D013B1B48FDA} = {186488E5-FE3F-439C-94DB-5FD2324C573E}
		{7693FE43-CFF0-4B53-81BE-390D21130FB9} = {186488E5-FE3F-439C-94DB-5FD2324C573E}
		{18692CA1-E87A-426E-8FE3-A5915F725878} = {99B304F9-EA3F-4570-B751-CFA4B0337C4C}
		{9D3612C8-6CC0-44D8-BF88-1EC959197194} = {99B304F9-EA3F-4570-B751-CFA4B0337C4C}
	EndGlobalSection
	GlobalSection(ExtensibilityGlobals) = postSolution
		SolutionGuid = {2ABC77A8-5C34-4656-B499-E2FF24CE083C}
	EndGlobalSection
EndGlobal
